{
  "name": "patina-studio",
  "version": "0.1.0",
  "lockfileVersion": 3,
  "requires": true,
  "packages": {
    "": {
      "name": "patina-studio",
      "version": "0.1.0",
      "license": "MIT",
      "workspaces": [
        "packages/*"
      ],
      "engines": {
        "node": ">=20"
      }
    },
    "node_modules/@patina/baker": {
      "resolved": "packages/baker",
      "link": true
    },
    "node_modules/@patina/gpu": {
      "resolved": "packages/gpu",
      "link": true
    },
    "node_modules/@patina/io": {
      "resolved": "packages/io",
      "link": true
    },
    "node_modules/@patina/materials": {
      "resolved": "packages/materials",
      "link": true
    },
    "node_modules/@patina/math": {
      "resolved": "packages/math",
      "link": true
    },
    "node_modules/@patina/mesh": {
      "resolved": "packages/mesh",
      "link": true
    },
    "node_modules/@patina/paint": {
      "resolved": "packages/paint",
      "link": true
    },
    "node_modules/@patina/project": {
      "resolved": "packages/project",
      "link": true
    },
    "node_modules/@patina/renderer": {
      "resolved": "packages/renderer",
      "link": true
    },
    "node_modules/@patina/ui": {
      "resolved": "packages/ui",
      "link": true
    },
    "packages/baker": {
      "name": "@patina/baker",
      "version": "0.1.0",
      "license": "MIT"
    },
    "packages/gpu": {
      "name": "@patina/gpu",
      "version": "0.1.0",
      "license": "MIT"
    },
    "packages/io": {
      "name": "@patina/io",
      "version": "0.1.0",
      "license": "MIT",
      "dependencies": {
        "@patina/math": "0.1.0",
        "@patina/mesh": "0.1.0"
      }
    },
    "packages/materials": {
      "name": "@patina/materials",
      "version": "0.1.0",
      "license": "MIT"
    },
    "packages/math": {
      "name": "@patina/math",
      "version": "0.1.0",
      "license": "MIT"
    },
    "packages/mesh": {
      "name": "@patina/mesh",
      "version": "0.1.0",
      "license": "MIT",
      "dependencies": {
        "@patina/math": "0.1.0"
      }
    },
    "packages/paint": {
      "name": "@patina/paint",
      "version": "0.1.0",
      "license": "MIT",
      "dependencies": {
        "@patina/gpu": "0.1.0",
        "@patina/materials": "0.1.0"
      }
    },
    "packages/project": {
      "name": "@patina/project",
      "version": "0.1.0",
      "license": "MIT"
    },
    "packages/renderer": {
      "name": "@patina/renderer",
      "version": "0.1.0",
      "license": "MIT",
      "dependencies": {
        "@patina/math": "0.1.0"
      }
    },
    "packages/ui": {
      "name": "@patina/ui",
      "version": "0.1.0",
      "license": "MIT"
    }
  }
}
